<?xml version="1.0" encoding="utf-8"?>
<Project ToolsVersion="4.0" xmlns="http://schemas.microsoft.com/developer/msbuild/2003">
  <ItemGroup>
    <ClCompile Include="main.cpp" />
    <ClCompile Include="src\rpc\RpcRegister.cpp">
      <Filter>src\rpc</Filter>
    </ClCompile>
    <ClCompile Include="src\rpc\HandleHSet_RpcServer.cpp">
      <Filter>src\rpc</Filter>
    </ClCompile>
    <ClCompile Include="src\rpc\HandleHGet_RpcServer.cpp">
      <Filter>src\rpc</Filter>
    </ClCompile>
    <ClCompile Include="src\DBMaster.cpp">
      <Filter>src</Filter>
    </ClCompile>
    <ClCompile Include="src\DBServer.cpp">
      <Filter>src</Filter>
    </ClCompile>
    <ClCompile Include="src\DBSlave.cpp">
      <Filter>src</Filter>
    </ClCompile>
    <ClCompile Include="src\rpc\MasterStartSync_RpcClient.cpp">
      <Filter>src\rpc</Filter>
    </ClCompile>
    <ClCompile Include="src\rpc\MasterStartSync_RpcServer.cpp">
      <Filter>src\rpc</Filter>
    </ClCompile>
    <ClCompile Include="src\rpc\HandleDump_RpcServer.cpp">
      <Filter>src\rpc</Filter>
    </ClCompile>
    <ClCompile Include="src\rpc\HandleZGet_RpcServer.cpp">
      <Filter>src\rpc</Filter>
    </ClCompile>
    <ClCompile Include="src\rpc\HandleZSet_RpcServer.cpp">
      <Filter>src\rpc</Filter>
    </ClCompile>
    <ClCompile Include="src\rpc\SlaveStartAuth_RpcServer.cpp">
      <Filter>src\rpc</Filter>
    </ClCompile>
    <ClCompile Include="src\rpc\SlaveStartAuth_RpcProxy.cpp">
      <Filter>src\rpc</Filter>
    </ClCompile>
    <ClCompile Include="src\rpc\SlaveSelectDB_RpcServer.cpp">
      <Filter>src\rpc</Filter>
    </ClCompile>
    <ClCompile Include="src\rpc\HandleCreateUser_RpcServer.cpp">
      <Filter>src\rpc</Filter>
    </ClCompile>
    <ClCompile Include="src\MasterHandler.cpp">
      <Filter>src</Filter>
    </ClCompile>
    <ClCompile Include="src\SlaveHandler.cpp">
      <Filter>src</Filter>
    </ClCompile>
    <ClCompile Include="src\rpc\HandleZRTop_RpcServer.cpp">
      <Filter>src\rpc</Filter>
    </ClCompile>
    <ClCompile Include="src\rpc\HandleZTop_RpcServer.cpp">
      <Filter>src\rpc</Filter>
    </ClCompile>
    <ClCompile Include="src\rpc\SyncDataToSlave_RpcServer.cpp">
      <Filter>src\rpc</Filter>
    </ClCompile>
    <ClCompile Include="src\rpc\HandleCreateDatabase_RpcServer.cpp">
      <Filter>src\rpc</Filter>
    </ClCompile>
    <ClCompile Include="src\rpc\HandleDeleteDatabase_RpcServer.cpp">
      <Filter>src\rpc</Filter>
    </ClCompile>
    <ClCompile Include="src\rpc\HandleDeleteUser_RpcServer.cpp">
      <Filter>src\rpc</Filter>
    </ClCompile>
    <ClCompile Include="src\rpc\HandleHDel_RpcServer.cpp">
      <Filter>src\rpc</Filter>
    </ClCompile>
    <ClCompile Include="src\rpc\HandleHDrop_RpcServer.cpp">
      <Filter>src\rpc</Filter>
    </ClCompile>
    <ClCompile Include="src\rpc\HandleHGetKeys_RpcServer.cpp">
      <Filter>src\rpc</Filter>
    </ClCompile>
    <ClCompile Include="src\rpc\HandleHGetKeyVals_RpcServer.cpp">
      <Filter>src\rpc</Filter>
    </ClCompile>
    <ClCompile Include="src\rpc\HandleHGetVals_RpcServer.cpp">
      <Filter>src\rpc</Filter>
    </ClCompile>
    <ClCompile Include="src\rpc\HandleHList_RpcServer.cpp">
      <Filter>src\rpc</Filter>
    </ClCompile>
    <ClCompile Include="src\rpc\HandleHMultiDel_RpcServer.cpp">
      <Filter>src\rpc</Filter>
    </ClCompile>
    <ClCompile Include="src\rpc\HandleHMultiGet_RpcServer.cpp">
      <Filter>src\rpc</Filter>
    </ClCompile>
    <ClCompile Include="src\rpc\HandleHMultiSet_RpcServer.cpp">
      <Filter>src\rpc</Filter>
    </ClCompile>
    <ClCompile Include="src\rpc\HandleHScan_RpcServer.cpp">
      <Filter>src\rpc</Filter>
    </ClCompile>
    <ClCompile Include="src\rpc\HandleHSetIncr_RpcServer.cpp">
      <Filter>src\rpc</Filter>
    </ClCompile>
    <ClCompile Include="src\rpc\HandleHSetIncrFloat_RpcServer.cpp">
      <Filter>src\rpc</Filter>
    </ClCompile>
    <ClCompile Include="src\rpc\HandleHSetNX_RpcServer.cpp">
      <Filter>src\rpc</Filter>
    </ClCompile>
    <ClCompile Include="src\rpc\HandleHSetOW_RpcServer.cpp">
      <Filter>src\rpc</Filter>
    </ClCompile>
    <ClCompile Include="src\rpc\HandleModifyUser_RpcServer.cpp">
      <Filter>src\rpc</Filter>
    </ClCompile>
    <ClCompile Include="src\rpc\HandleSelectDatabase_RpcServer.cpp">
      <Filter>src\rpc</Filter>
    </ClCompile>
    <ClCompile Include="src\rpc\HandleShowDatabases_RpcServer.cpp">
      <Filter>src\rpc</Filter>
    </ClCompile>
    <ClCompile Include="src\rpc\HandleUserAuth_RpcServer.cpp">
      <Filter>src\rpc</Filter>
    </ClCompile>
    <ClCompile Include="src\rpc\HandleZDel_RpcServer.cpp">
      <Filter>src\rpc</Filter>
    </ClCompile>
    <ClCompile Include="src\rpc\HandleZDrop_RpcServer.cpp">
      <Filter>src\rpc</Filter>
    </ClCompile>
    <ClCompile Include="src\rpc\HandleZList_RpcServer.cpp">
      <Filter>src\rpc</Filter>
    </ClCompile>
    <ClCompile Include="src\rpc\HandleHCount_RpcServer.cpp">
      <Filter>src\rpc</Filter>
    </ClCompile>
    <ClCompile Include="src\rpc\HandleZCount_RpcServer.cpp">
      <Filter>src\rpc</Filter>
    </ClCompile>
    <ClCompile Include="src\rpc\SyncMasterHandler_RpcClient.cpp">
      <Filter>src\rpc</Filter>
    </ClCompile>
    <ClCompile Include="src\rpc\SyncMasterHandler_RpcServer.cpp">
      <Filter>src\rpc</Filter>
    </ClCompile>
    <ClCompile Include="src\rpc\SyncDataToSlave_RpcClient.cpp">
      <Filter>src\rpc</Filter>
    </ClCompile>
    <ClCompile Include="src\rpc\SyncDataToSlave_RpcProxy.cpp">
      <Filter>src\rpc</Filter>
    </ClCompile>
    <ClCompile Include="src\rpc\SlaveRequestSync_RpcServer.cpp">
      <Filter>src\rpc</Filter>
    </ClCompile>
    <ClCompile Include="src\rpc\SlaveRequestSync_RpcProxy.cpp">
      <Filter>src\rpc</Filter>
    </ClCompile>
    <ClCompile Include="src\rpc\testRefers_RpcClient.cpp">
      <Filter>src\rpc</Filter>
    </ClCompile>
    <ClCompile Include="src\rpc\testRefers_RpcProxy.cpp">
      <Filter>src\rpc</Filter>
    </ClCompile>
    <ClCompile Include="src\rpc\testRefers_RpcServer.cpp">
      <Filter>src\rpc</Filter>
    </ClCompile>
    <ClCompile Include="src\rpc\SlaveStartAuth_RpcClient.cpp">
      <Filter>src\rpc</Filter>
    </ClCompile>
    <ClCompile Include="src\rpc\SlaveSelectDB_RpcClient.cpp">
      <Filter>src\rpc</Filter>
    </ClCompile>
    <ClCompile Include="src\rpc\SlaveRequestSync_RpcClient.cpp">
      <Filter>src\rpc</Filter>
    </ClCompile>
    <ClCompile Include="src\rpc\testTheSameNode_RpcClient.cpp">
      <Filter>src\rpc</Filter>
    </ClCompile>
    <ClCompile Include="src\rpc\testTheSameNode_RpcServer.cpp">
      <Filter>src\rpc</Filter>
    </ClCompile>
  </ItemGroup>
  <ItemGroup>
    <Filter Include="src">
      <UniqueIdentifier>{0af7dc79-afc5-4ee2-a892-815d69a7d76e}</UniqueIdentifier>
    </Filter>
    <Filter Include="src\rpc">
      <UniqueIdentifier>{4ea6a22b-ac20-4aca-8b0e-68162513b759}</UniqueIdentifier>
    </Filter>
  </ItemGroup>
  <ItemGroup>
    <ClInclude Include="src\rpc\RpcDatas.h">
      <Filter>src\rpc</Filter>
    </ClInclude>
    <ClInclude Include="src\rpc\RPCDefines.h">
      <Filter>src\rpc</Filter>
    </ClInclude>
    <ClInclude Include="src\rpc\GlobalRpc.h">
      <Filter>src\rpc</Filter>
    </ClInclude>
    <ClInclude Include="src\rpc\MsgNameDefine.h">
      <Filter>src\rpc</Filter>
    </ClInclude>
    <ClInclude Include="src\DBServer.h">
      <Filter>src</Filter>
    </ClInclude>
    <ClInclude Include="src\ServerHandler.h">
      <Filter>src</Filter>
    </ClInclude>
    <ClInclude Include="src\rpc\RPCCallFuncs.h">
      <Filter>src\rpc</Filter>
    </ClInclude>
    <ClInclude Include="src\DBMaster.h">
      <Filter>src</Filter>
    </ClInclude>
    <ClInclude Include="src\DBSlave.h">
      <Filter>src</Filter>
    </ClInclude>
    <ClInclude Include="src\MasterHandler.h">
      <Filter>src</Filter>
    </ClInclude>
    <ClInclude Include="src\SlaveHandler.h">
      <Filter>src</Filter>
    </ClInclude>
    <ClInclude Include="src\SlaveRecord.h">
      <Filter>src</Filter>
    </ClInclude>
  </ItemGroup>
</Project>