<?xml version="1.0" encoding="utf-8"?>
<Project ToolsVersion="4.0" xmlns="http://schemas.microsoft.com/developer/msbuild/2003">
  <ItemGroup>
    <Filter Include="源文件">
      <UniqueIdentifier>{4FC737F1-C7A5-4376-A066-2A32D752A2FF}</UniqueIdentifier>
      <Extensions>cpp;c;cc;cxx;def;odl;idl;hpj;bat;asm;asmx</Extensions>
    </Filter>
    <Filter Include="头文件">
      <UniqueIdentifier>{93995380-89BD-4b04-88EB-625FBE52EBFB}</UniqueIdentifier>
      <Extensions>h;hpp;hxx;hm;inl;inc;xsd</Extensions>
    </Filter>
    <Filter Include="资源文件">
      <UniqueIdentifier>{67DA6AB6-F800-4c08-8B7A-83BB121AAD01}</UniqueIdentifier>
      <Extensions>rc;ico;cur;bmp;dlg;rc2;rct;bin;rgs;gif;jpg;jpeg;jpe;resx;tiff;tif;png;wav;mfcribbon-ms</Extensions>
    </Filter>
    <Filter Include="src">
      <UniqueIdentifier>{4d19490b-93d9-45d9-b7f0-063c5eed6998}</UniqueIdentifier>
    </Filter>
    <Filter Include="inc">
      <UniqueIdentifier>{af2716c0-ea8f-4d3e-81c2-a8dd09f20b7c}</UniqueIdentifier>
    </Filter>
    <Filter Include="Common">
      <UniqueIdentifier>{2c33db6c-78b1-4643-a350-0f2e2b5da1b9}</UniqueIdentifier>
    </Filter>
  </ItemGroup>
  <ItemGroup>
    <ClCompile Include="..\..\ThreadPoolLib\dllmain.cpp">
      <Filter>源文件</Filter>
    </ClCompile>
    <ClCompile Include="..\..\ThreadPoolLib\src\ThreadPool.cpp">
      <Filter>src</Filter>
    </ClCompile>
    <ClCompile Include="..\..\ThreadPoolLib\src\ThreadTask.cpp">
      <Filter>src</Filter>
    </ClCompile>
  </ItemGroup>
  <ItemGroup>
    <ClInclude Include="..\..\ThreadPoolLib\inc\ThreadPool.h">
      <Filter>inc</Filter>
    </ClInclude>
    <ClInclude Include="..\..\Common\Common.h">
      <Filter>Common</Filter>
    </ClInclude>
    <ClInclude Include="..\..\ThreadPoolLib\inc\ThreadCommon.h">
      <Filter>Common</Filter>
    </ClInclude>
    <ClInclude Include="..\..\ThreadPoolLib\inc\ThreadTask.h">
      <Filter>inc</Filter>
    </ClInclude>
    <ClInclude Include="..\..\Common\ThreadLock.h">
      <Filter>Common</Filter>
    </ClInclude>
    <ClInclude Include="..\..\Common\SafeVariable.h">
      <Filter>Common</Filter>
    </ClInclude>
    <ClInclude Include="..\..\ThreadPoolLib\inc\ThreadContext.h">
      <Filter>inc</Filter>
    </ClInclude>
    <ClInclude Include="..\..\ThreadPoolLib\inc\ThreadState.h">
      <Filter>inc</Filter>
    </ClInclude>
    <ClInclude Include="..\..\ThreadPoolLib\inc\ThreadPoolInterface.h">
      <Filter>inc</Filter>
    </ClInclude>
  </ItemGroup>
</Project>