<?xml version="1.0" encoding="utf-8"?>
<Project ToolsVersion="4.0" xmlns="http://schemas.microsoft.com/developer/msbuild/2003">
  <ItemGroup>
    <Filter Include="源文件">
      <UniqueIdentifier>{4FC737F1-C7A5-4376-A066-2A32D752A2FF}</UniqueIdentifier>
      <Extensions>cpp;c;cc;cxx;def;odl;idl;hpj;bat;asm;asmx</Extensions>
    </Filter>
    <Filter Include="头文件">
      <UniqueIdentifier>{93995380-89BD-4b04-88EB-625FBE52EBFB}</UniqueIdentifier>
      <Extensions>h;hpp;hxx;hm;inl;inc;xsd</Extensions>
    </Filter>
    <Filter Include="资源文件">
      <UniqueIdentifier>{67DA6AB6-F800-4c08-8B7A-83BB121AAD01}</UniqueIdentifier>
      <Extensions>rc;ico;cur;bmp;dlg;rc2;rct;bin;rgs;gif;jpg;jpeg;jpe;resx;tiff;tif;png;wav;mfcribbon-ms</Extensions>
    </Filter>
    <Filter Include="inc">
      <UniqueIdentifier>{72d36305-2623-415c-9211-c16127df0f6c}</UniqueIdentifier>
    </Filter>
    <Filter Include="src">
      <UniqueIdentifier>{e50be3cc-ac44-40dc-b6bf-8c4379a36d2b}</UniqueIdentifier>
    </Filter>
  </ItemGroup>
  <ItemGroup>
    <ClInclude Include="..\..\LogLib\inc\Log.h">
      <Filter>inc</Filter>
    </ClInclude>
    <ClInclude Include="..\..\LogLib\inc\LogCommon.h">
      <Filter>inc</Filter>
    </ClInclude>
    <ClInclude Include="..\..\LogLib\inc\LogInterface.h">
      <Filter>inc</Filter>
    </ClInclude>
    <ClInclude Include="..\..\LogLib\inc\LogAdapter.h">
      <Filter>inc</Filter>
    </ClInclude>
    <ClInclude Include="..\..\LogLib\inc\GLogAdaptee.h">
      <Filter>inc</Filter>
    </ClInclude>
    <ClInclude Include="..\..\LogLib\inc\Log4CPlusAdaptee.h">
      <Filter>inc</Filter>
    </ClInclude>
    <ClInclude Include="..\..\LogLib\inc\Log4CppAdaptee.h">
      <Filter>inc</Filter>
    </ClInclude>
  </ItemGroup>
  <ItemGroup>
    <ClCompile Include="..\..\LogLib\src\LogInterface.cpp">
      <Filter>src</Filter>
    </ClCompile>
    <ClCompile Include="..\..\LogLib\src\GLogAdaptee.cpp">
      <Filter>src</Filter>
    </ClCompile>
    <ClCompile Include="..\..\LogLib\src\Log4CPlusAdaptee.cpp">
      <Filter>src</Filter>
    </ClCompile>
    <ClCompile Include="..\..\LogLib\src\Log4CppAdaptee.cpp">
      <Filter>src</Filter>
    </ClCompile>
    <ClCompile Include="LogLib.cpp">
      <Filter>源文件</Filter>
    </ClCompile>
  </ItemGroup>
</Project>